{
  "object": {
    "pins": [
      {
        "package": "cardscan-ios",
        "repositoryURL": "https://github.com/getbouncer/cardscan-ios.git",
        "state": {
          "branch": null,
          "revision": "a964a5cded3c857638c0f475730110e37a916b7f",
          "version": "2.1.2"
        }
      }
    ]
  },
  "version": 1
}
